
Microsoft Visual Studio Solution File, Format Version 12.00
# Visual Studio 15
VisualStudioVersion = 15.0.28307.489
MinimumVisualStudioVersion = 10.0.40219.1
Project("{FAE04EC0-301F-11D3-BF4B-00C04F79EFBC}") = "afleveringsopgave2", "afleveringsopgave2\afleveringsopgave2.csproj", "{2C2C2EBE-A945-4517-8DFE-55A2BF78D334}"
EndProject
Global
	GlobalSection(SolutionConfigurationPlatforms) = preSolution
		Debug|Any CPU = Debug|Any CPU
		Release|Any CPU = Release|Any CPU
	EndGlobalSection
	GlobalSection(ProjectConfigurationPlatforms) = postSolution
		{2C2C2EBE-A945-4517-8DFE-55A2BF78D334}.Debug|Any CPU.ActiveCfg = Debug|Any CPU
		{2C2C2EBE-A945-4517-8DFE-55A2BF78D334}.Debug|Any CPU.Build.0 = Debug|Any CPU
		{2C2C2EBE-A945-4517-8DFE-55A2BF78D334}.Release|Any CPU.ActiveCfg = Release|Any CPU
		{2C2C2EBE-A945-4517-8DFE-55A2BF78D334}.Release|Any CPU.Build.0 = Release|Any CPU
	EndGlobalSection
	GlobalSection(SolutionProperties) = preSolution
		HideSolutionNode = FALSE
	EndGlobalSection
	GlobalSection(ExtensibilityGlobals) = postSolution
		SolutionGuid = {1E271685-E377-4344-92A2-987D997B08D5}
	EndGlobalSection
EndGlobal
